// !$*UTF8*$!
{
	archiveVersion = 1;
	classes = {
	};
	objectVersion = 46;
	objects = {

/* Begin PBXBuildFile section */
		0D006DCD1DC758480091CF33 /* URL.swift in Sources */ = {isa = PBXBuildFile; fileRef = 0D006DCC1DC758480091CF33 /* URL.swift */; };
		0D006DCF1DC75A280091CF33 /* NetConnect.swift in Sources */ = {isa = PBXBuildFile; fileRef = 0D006DCE1DC75A280091CF33 /* NetConnect.swift */; };
		0D006DDD1DC7810D0091CF33 /* UserHelper.swift in Sources */ = {isa = PBXBuildFile; fileRef = 0D006DDC1DC7810D0091CF33 /* UserHelper.swift */; };
		0D006DDF1DC7A0A90091CF33 /* IdentityViewController.swift in Sources */ = {isa = PBXBuildFile; fileRef = 0D006DDE1DC7A0A90091CF33 /* IdentityViewController.swift */; };
		0D006DE11DC7A5410091CF33 /* LoginViewController.swift in Sources */ = {isa = PBXBuildFile; fileRef = 0D006DE01DC7A5410091CF33 /* LoginViewController.swift */; };
		0D006DE31DC88BDB0091CF33 /* IDInfoConfirmViewController.swift in Sources */ = {isa = PBXBuildFile; fileRef = 0D006DE21DC88BDB0091CF33 /* IDInfoConfirmViewController.swift */; };
		0D006DE51DC8AAFA0091CF33 /* ProductViewController.swift in Sources */ = {isa = PBXBuildFile; fileRef = 0D006DE41DC8AAFA0091CF33 /* ProductViewController.swift */; };
		0D006DE71DC8AB5B0091CF33 /* BMTableViewCell.swift in Sources */ = {isa = PBXBuildFile; fileRef = 0D006DE61DC8AB5B0091CF33 /* BMTableViewCell.swift */; };
		0D0E29FD1DAA220200A64F76 /* MineViewController.swift in Sources */ = {isa = PBXBuildFile; fileRef = 0D0E29FC1DAA220200A64F76 /* MineViewController.swift */; };
		0D0E2A161DAA523E00A64F76 /* pulltorefresharrow.png in Resources */ = {isa = PBXBuildFile; fileRef = 0D0E2A121DAA523E00A64F76 /* pulltorefresharrow.png */; };
		0D0E2A171DAA523E00A64F76 /* PullToRefreshOption.swift in Sources */ = {isa = PBXBuildFile; fileRef = 0D0E2A131DAA523E00A64F76 /* PullToRefreshOption.swift */; };
		0D0E2A181DAA523E00A64F76 /* PullToRefreshView.swift in Sources */ = {isa = PBXBuildFile; fileRef = 0D0E2A141DAA523E00A64F76 /* PullToRefreshView.swift */; };
		0D0E2A191DAA523E00A64F76 /* UIScrollViewExtension.swift in Sources */ = {isa = PBXBuildFile; fileRef = 0D0E2A151DAA523E00A64F76 /* UIScrollViewExtension.swift */; };
		0D0E2A201DAA8BDF00A64F76 /* CNPPopupController.m in Sources */ = {isa = PBXBuildFile; fileRef = 0D0E2A1F1DAA8BDF00A64F76 /* CNPPopupController.m */; };
		0D0E2A271DAA927A00A64F76 /* UIViewController+HUD.swift in Sources */ = {isa = PBXBuildFile; fileRef = 0D0E2A261DAA927A00A64F76 /* UIViewController+HUD.swift */; };
		0D0E2A301DAB377D00A64F76 /* File.swift in Sources */ = {isa = PBXBuildFile; fileRef = 0D0E2A2C1DAB377D00A64F76 /* File.swift */; };
		0D0E2A311DAB377E00A64F76 /* HHNavigationController.swift in Sources */ = {isa = PBXBuildFile; fileRef = 0D0E2A2D1DAB377D00A64F76 /* HHNavigationController.swift */; };
		0D0E2A321DAB377E00A64F76 /* HHTabBarController.swift in Sources */ = {isa = PBXBuildFile; fileRef = 0D0E2A2E1DAB377D00A64F76 /* HHTabBarController.swift */; };
		0D0E2A361DAB389D00A64F76 /* CyclePictureView.swift in Sources */ = {isa = PBXBuildFile; fileRef = 0D0E2A351DAB389D00A64F76 /* CyclePictureView.swift */; };
		0D0E2A3B1DAB40DB00A64F76 /* HomeViewController.swift in Sources */ = {isa = PBXBuildFile; fileRef = 0D0E2A3A1DAB40DB00A64F76 /* HomeViewController.swift */; };
		0D0E2A3D1DAB413900A64F76 /* TemViewController.swift in Sources */ = {isa = PBXBuildFile; fileRef = 0D0E2A3C1DAB413900A64F76 /* TemViewController.swift */; };
		0D0E2A451DABB86E00A64F76 /* BaseWebViewController.swift in Sources */ = {isa = PBXBuildFile; fileRef = 0D0E2A441DABB86E00A64F76 /* BaseWebViewController.swift */; };
		0D1070C21DAE297E00F9591C /* LoginPsdOrSetPsdVC.swift in Sources */ = {isa = PBXBuildFile; fileRef = 0D1070C11DAE297E00F9591C /* LoginPsdOrSetPsdVC.swift */; };
		0D132FB11DB07FD70061EDC9 /* iCarousel.m in Sources */ = {isa = PBXBuildFile; fileRef = 0D132FB01DB07FD70061EDC9 /* iCarousel.m */; };
		0D1EAA801DC8C88F00789E37 /* SchoolViewController.swift in Sources */ = {isa = PBXBuildFile; fileRef = 0D1EAA7F1DC8C88F00789E37 /* SchoolViewController.swift */; };
		0D1EAA821DC8C91500789E37 /* WorkViewController.swift in Sources */ = {isa = PBXBuildFile; fileRef = 0D1EAA811DC8C91500789E37 /* WorkViewController.swift */; };
		0D1EAA841DC8CC4900789E37 /* ContactViewController.swift in Sources */ = {isa = PBXBuildFile; fileRef = 0D1EAA831DC8CC4900789E37 /* ContactViewController.swift */; };
		0D1EAA861DC8D4FF00789E37 /* DataViewController.swift in Sources */ = {isa = PBXBuildFile; fileRef = 0D1EAA851DC8D4FF00789E37 /* DataViewController.swift */; };
		0D1EAA881DC97D2500789E37 /* PopupStaticSelectView.swift in Sources */ = {isa = PBXBuildFile; fileRef = 0D1EAA871DC97D2500789E37 /* PopupStaticSelectView.swift */; };
		0D1EAA8A1DC97E8000789E37 /* PopupStaticTableViewCell.swift in Sources */ = {isa = PBXBuildFile; fileRef = 0D1EAA891DC97E8000789E37 /* PopupStaticTableViewCell.swift */; };
		0D1EAA8C1DC99C5C00789E37 /* PopupPhotoSelectView.swift in Sources */ = {isa = PBXBuildFile; fileRef = 0D1EAA8B1DC99C5C00789E37 /* PopupPhotoSelectView.swift */; };
		0D1EAA8E1DC9AE1800789E37 /* PopupSubmitTipsView.swift in Sources */ = {isa = PBXBuildFile; fileRef = 0D1EAA8D1DC9AE1800789E37 /* PopupSubmitTipsView.swift */; };
		0D1EAA901DC9B4D200789E37 /* PopupDeadlineView.swift in Sources */ = {isa = PBXBuildFile; fileRef = 0D1EAA8F1DC9B4D200789E37 /* PopupDeadlineView.swift */; };
		0D1EAA921DC9BB2500789E37 /* PopupDeadlineCollectionViewCell.swift in Sources */ = {isa = PBXBuildFile; fileRef = 0D1EAA911DC9BB2500789E37 /* PopupDeadlineCollectionViewCell.swift */; };
		0D24F2FE1DCB72F300BBAC8F /* MineCollectionViewCell.swift in Sources */ = {isa = PBXBuildFile; fileRef = 0D24F2FB1DCB72F300BBAC8F /* MineCollectionViewCell.swift */; };
		0D24F2FF1DCB72F300BBAC8F /* MineFooterView.swift in Sources */ = {isa = PBXBuildFile; fileRef = 0D24F2FC1DCB72F300BBAC8F /* MineFooterView.swift */; };
		0D24F3001DCB72F300BBAC8F /* MineHeaderView.swift in Sources */ = {isa = PBXBuildFile; fileRef = 0D24F2FD1DCB72F300BBAC8F /* MineHeaderView.swift */; };
		0D24F3021DCB731800BBAC8F /* BorrowRecordViewController.swift in Sources */ = {isa = PBXBuildFile; fileRef = 0D24F3011DCB731800BBAC8F /* BorrowRecordViewController.swift */; };
		0D24F3041DCB76E700BBAC8F /* BorrowRecordTableViewCell.swift in Sources */ = {isa = PBXBuildFile; fileRef = 0D24F3031DCB76E700BBAC8F /* BorrowRecordTableViewCell.swift */; };
		0D24F3061DCB7B7300BBAC8F /* RepayWayViewController.swift in Sources */ = {isa = PBXBuildFile; fileRef = 0D24F3051DCB7B7300BBAC8F /* RepayWayViewController.swift */; };
		0D2747DA1DADE9840060E221 /* Assets.xcassets in Resources */ = {isa = PBXBuildFile; fileRef = 0D2747D91DADE9840060E221 /* Assets.xcassets */; };
		0D2841091DACC1D600059FD2 /* HomeTableViewCell.swift in Sources */ = {isa = PBXBuildFile; fileRef = 0D2841081DACC1D600059FD2 /* HomeTableViewCell.swift */; };
		0D61C4281DB08ECE00C2BC23 /* PopupSelectRoleView.swift in Sources */ = {isa = PBXBuildFile; fileRef = 0D61C4271DB08ECE00C2BC23 /* PopupSelectRoleView.swift */; };
		0D61C42C1DB0C2CB00C2BC23 /* BorrowMoneyViewController.swift in Sources */ = {isa = PBXBuildFile; fileRef = 0D61C42B1DB0C2CB00C2BC23 /* BorrowMoneyViewController.swift */; };
		0D61C42E1DB0CE0000C2BC23 /* BorrowMoneyView.swift in Sources */ = {isa = PBXBuildFile; fileRef = 0D61C42D1DB0CE0000C2BC23 /* BorrowMoneyView.swift */; };
		0D61C4321DB128F600C2BC23 /* BorrowMoneyDoneView.swift in Sources */ = {isa = PBXBuildFile; fileRef = 0D61C4311DB128F600C2BC23 /* BorrowMoneyDoneView.swift */; };
		0D8C33EF1DCA27E800F33F0C /* chinaarea.plist in Resources */ = {isa = PBXBuildFile; fileRef = 0D8C33EE1DCA27E800F33F0C /* chinaarea.plist */; };
		0D8C33FB1DCA3E1600F33F0C /* PopupAreaView.swift in Sources */ = {isa = PBXBuildFile; fileRef = 0D8C33FA1DCA3E1600F33F0C /* PopupAreaView.swift */; };
		0DAF60321DA8DFAD0009054F /* AppDelegate.swift in Sources */ = {isa = PBXBuildFile; fileRef = 0DAF60311DA8DFAD0009054F /* AppDelegate.swift */; };
		0DAF60371DA8DFAD0009054F /* Main.storyboard in Resources */ = {isa = PBXBuildFile; fileRef = 0DAF60351DA8DFAD0009054F /* Main.storyboard */; };
		0DAF603C1DA8DFAD0009054F /* LaunchScreen.storyboard in Resources */ = {isa = PBXBuildFile; fileRef = 0DAF603A1DA8DFAD0009054F /* LaunchScreen.storyboard */; };
		0DAF60471DA8DFAD0009054F /* JBankRiskTests.swift in Sources */ = {isa = PBXBuildFile; fileRef = 0DAF60461DA8DFAD0009054F /* JBankRiskTests.swift */; };
		0DAF60521DA8DFAD0009054F /* JBankRiskUITests.swift in Sources */ = {isa = PBXBuildFile; fileRef = 0DAF60511DA8DFAD0009054F /* JBankRiskUITests.swift */; };
		0DCACBE41DADC9D300AFD3E9 /* RegisterOrResetPsdVC.swift in Sources */ = {isa = PBXBuildFile; fileRef = 0DCACBE31DADC9D300AFD3E9 /* RegisterOrResetPsdVC.swift */; };
		0DD43CBB1DAFD74400091272 /* PopupRoleView.swift in Sources */ = {isa = PBXBuildFile; fileRef = 0DD43CBA1DAFD74400091272 /* PopupRoleView.swift */; };
		0DD99BFF1DB1E47F00342E29 /* NetworkRequest.swift in Sources */ = {isa = PBXBuildFile; fileRef = 0DD99BFE1DB1E47F00342E29 /* NetworkRequest.swift */; };
		0DECC8711DCAEB130022D3F6 /* AreaTableView.swift in Sources */ = {isa = PBXBuildFile; fileRef = 0DECC8701DCAEB130022D3F6 /* AreaTableView.swift */; };
		0DECC8751DCB07D30022D3F6 /* DataCollectionViewCell.swift in Sources */ = {isa = PBXBuildFile; fileRef = 0DECC8741DCB07D30022D3F6 /* DataCollectionViewCell.swift */; };
		0DFFAECF1DAF218C00819CF7 /* LoginCodeViewController.swift in Sources */ = {isa = PBXBuildFile; fileRef = 0DFFAECE1DAF218C00819CF7 /* LoginCodeViewController.swift */; };
		0DFFAEDA1DAF6FB100819CF7 /* PopupPhoneCallView.swift in Sources */ = {isa = PBXBuildFile; fileRef = 0DFFAED91DAF6FB100819CF7 /* PopupPhoneCallView.swift */; };
		0DFFAEDC1DAF707900819CF7 /* PopupRepaymentTipView.swift in Sources */ = {isa = PBXBuildFile; fileRef = 0DFFAEDB1DAF707900819CF7 /* PopupRepaymentTipView.swift */; };
		2B1BB083F4340482D7181477 /* Pods_JBankRisk.framework in Frameworks */ = {isa = PBXBuildFile; fileRef = 6C59881BA6AE868EF7C84EBD /* Pods_JBankRisk.framework */; };
/* End PBXBuildFile section */

/* Begin PBXContainerItemProxy section */
		0DAF60431DA8DFAD0009054F /* PBXContainerItemProxy */ = {
			isa = PBXContainerItemProxy;
			containerPortal = 0DAF60261DA8DFAD0009054F /* Project object */;
			proxyType = 1;
			remoteGlobalIDString = 0DAF602D1DA8DFAD0009054F;
			remoteInfo = JBankRisk;
		};
		0DAF604E1DA8DFAD0009054F /* PBXContainerItemProxy */ = {
			isa = PBXContainerItemProxy;
			containerPortal = 0DAF60261DA8DFAD0009054F /* Project object */;
			proxyType = 1;
			remoteGlobalIDString = 0DAF602D1DA8DFAD0009054F;
			remoteInfo = JBankRisk;
		};
/* End PBXContainerItemProxy section */

/* Begin PBXFileReference section */
		0D006DCC1DC758480091CF33 /* URL.swift */ = {isa = PBXFileReference; fileEncoding = 4; lastKnownFileType = sourcecode.swift; path = URL.swift; sourceTree = "<group>"; };
		0D006DCE1DC75A280091CF33 /* NetConnect.swift */ = {isa = PBXFileReference; fileEncoding = 4; lastKnownFileType = sourcecode.swift; path = NetConnect.swift; sourceTree = "<group>"; };
		0D006DDC1DC7810D0091CF33 /* UserHelper.swift */ = {isa = PBXFileReference; fileEncoding = 4; lastKnownFileType = sourcecode.swift; path = UserHelper.swift; sourceTree = "<group>"; };
		0D006DDE1DC7A0A90091CF33 /* IdentityViewController.swift */ = {isa = PBXFileReference; fileEncoding = 4; lastKnownFileType = sourcecode.swift; path = IdentityViewController.swift; sourceTree = "<group>"; };
		0D006DE01DC7A5410091CF33 /* LoginViewController.swift */ = {isa = PBXFileReference; fileEncoding = 4; lastKnownFileType = sourcecode.swift; path = LoginViewController.swift; sourceTree = "<group>"; };
		0D006DE21DC88BDB0091CF33 /* IDInfoConfirmViewController.swift */ = {isa = PBXFileReference; fileEncoding = 4; lastKnownFileType = sourcecode.swift; path = IDInfoConfirmViewController.swift; sourceTree = "<group>"; };
		0D006DE41DC8AAFA0091CF33 /* ProductViewController.swift */ = {isa = PBXFileReference; fileEncoding = 4; lastKnownFileType = sourcecode.swift; path = ProductViewController.swift; sourceTree = "<group>"; };
		0D006DE61DC8AB5B0091CF33 /* BMTableViewCell.swift */ = {isa = PBXFileReference; fileEncoding = 4; lastKnownFileType = sourcecode.swift; name = BMTableViewCell.swift; path = ../Product/BMTableViewCell.swift; sourceTree = "<group>"; };
		0D0E29FC1DAA220200A64F76 /* MineViewController.swift */ = {isa = PBXFileReference; fileEncoding = 4; lastKnownFileType = sourcecode.swift; path = MineViewController.swift; sourceTree = "<group>"; };
		0D0E2A121DAA523E00A64F76 /* pulltorefresharrow.png */ = {isa = PBXFileReference; lastKnownFileType = image.png; path = pulltorefresharrow.png; sourceTree = "<group>"; };
		0D0E2A131DAA523E00A64F76 /* PullToRefreshOption.swift */ = {isa = PBXFileReference; fileEncoding = 4; lastKnownFileType = sourcecode.swift; path = PullToRefreshOption.swift; sourceTree = "<group>"; };
		0D0E2A141DAA523E00A64F76 /* PullToRefreshView.swift */ = {isa = PBXFileReference; fileEncoding = 4; lastKnownFileType = sourcecode.swift; path = PullToRefreshView.swift; sourceTree = "<group>"; };
		0D0E2A151DAA523E00A64F76 /* UIScrollViewExtension.swift */ = {isa = PBXFileReference; fileEncoding = 4; lastKnownFileType = sourcecode.swift; path = UIScrollViewExtension.swift; sourceTree = "<group>"; };
		0D0E2A1E1DAA8BDF00A64F76 /* CNPPopupController.h */ = {isa = PBXFileReference; fileEncoding = 4; lastKnownFileType = sourcecode.c.h; path = CNPPopupController.h; sourceTree = "<group>"; };
		0D0E2A1F1DAA8BDF00A64F76 /* CNPPopupController.m */ = {isa = PBXFileReference; fileEncoding = 4; lastKnownFileType = sourcecode.c.objc; path = CNPPopupController.m; sourceTree = "<group>"; };
		0D0E2A261DAA927A00A64F76 /* UIViewController+HUD.swift */ = {isa = PBXFileReference; fileEncoding = 4; lastKnownFileType = sourcecode.swift; path = "UIViewController+HUD.swift"; sourceTree = "<group>"; };
		0D0E2A2C1DAB377D00A64F76 /* File.swift */ = {isa = PBXFileReference; fileEncoding = 4; lastKnownFileType = sourcecode.swift; path = File.swift; sourceTree = "<group>"; };
		0D0E2A2D1DAB377D00A64F76 /* HHNavigationController.swift */ = {isa = PBXFileReference; fileEncoding = 4; lastKnownFileType = sourcecode.swift; path = HHNavigationController.swift; sourceTree = "<group>"; };
		0D0E2A2E1DAB377D00A64F76 /* HHTabBarController.swift */ = {isa = PBXFileReference; fileEncoding = 4; lastKnownFileType = sourcecode.swift; path = HHTabBarController.swift; sourceTree = "<group>"; };
		0D0E2A2F1DAB377D00A64F76 /* JBankRisk-Bridging-Header.h */ = {isa = PBXFileReference; fileEncoding = 4; lastKnownFileType = sourcecode.c.h; path = "JBankRisk-Bridging-Header.h"; sourceTree = "<group>"; };
		0D0E2A351DAB389D00A64F76 /* CyclePictureView.swift */ = {isa = PBXFileReference; fileEncoding = 4; lastKnownFileType = sourcecode.swift; path = CyclePictureView.swift; sourceTree = "<group>"; };
		0D0E2A3A1DAB40DB00A64F76 /* HomeViewController.swift */ = {isa = PBXFileReference; fileEncoding = 4; lastKnownFileType = sourcecode.swift; path = HomeViewController.swift; sourceTree = "<group>"; };
		0D0E2A3C1DAB413900A64F76 /* TemViewController.swift */ = {isa = PBXFileReference; fileEncoding = 4; lastKnownFileType = sourcecode.swift; path = TemViewController.swift; sourceTree = "<group>"; };
		0D0E2A441DABB86E00A64F76 /* BaseWebViewController.swift */ = {isa = PBXFileReference; fileEncoding = 4; lastKnownFileType = sourcecode.swift; path = BaseWebViewController.swift; sourceTree = "<group>"; };
		0D1070C11DAE297E00F9591C /* LoginPsdOrSetPsdVC.swift */ = {isa = PBXFileReference; fileEncoding = 4; lastKnownFileType = sourcecode.swift; path = LoginPsdOrSetPsdVC.swift; sourceTree = "<group>"; };
		0D132FAF1DB07FD70061EDC9 /* iCarousel.h */ = {isa = PBXFileReference; fileEncoding = 4; lastKnownFileType = sourcecode.c.h; path = iCarousel.h; sourceTree = "<group>"; };
		0D132FB01DB07FD70061EDC9 /* iCarousel.m */ = {isa = PBXFileReference; fileEncoding = 4; lastKnownFileType = sourcecode.c.objc; path = iCarousel.m; sourceTree = "<group>"; };
		0D1EAA7F1DC8C88F00789E37 /* SchoolViewController.swift */ = {isa = PBXFileReference; fileEncoding = 4; lastKnownFileType = sourcecode.swift; path = SchoolViewController.swift; sourceTree = "<group>"; };
		0D1EAA811DC8C91500789E37 /* WorkViewController.swift */ = {isa = PBXFileReference; fileEncoding = 4; lastKnownFileType = sourcecode.swift; path = WorkViewController.swift; sourceTree = "<group>"; };
		0D1EAA831DC8CC4900789E37 /* ContactViewController.swift */ = {isa = PBXFileReference; fileEncoding = 4; lastKnownFileType = sourcecode.swift; path = ContactViewController.swift; sourceTree = "<group>"; };
		0D1EAA851DC8D4FF00789E37 /* DataViewController.swift */ = {isa = PBXFileReference; fileEncoding = 4; lastKnownFileType = sourcecode.swift; path = DataViewController.swift; sourceTree = "<group>"; };
		0D1EAA871DC97D2500789E37 /* PopupStaticSelectView.swift */ = {isa = PBXFileReference; fileEncoding = 4; lastKnownFileType = sourcecode.swift; path = PopupStaticSelectView.swift; sourceTree = "<group>"; };
		0D1EAA891DC97E8000789E37 /* PopupStaticTableViewCell.swift */ = {isa = PBXFileReference; fileEncoding = 4; lastKnownFileType = sourcecode.swift; path = PopupStaticTableViewCell.swift; sourceTree = "<group>"; };
		0D1EAA8B1DC99C5C00789E37 /* PopupPhotoSelectView.swift */ = {isa = PBXFileReference; fileEncoding = 4; lastKnownFileType = sourcecode.swift; path = PopupPhotoSelectView.swift; sourceTree = "<group>"; };
		0D1EAA8D1DC9AE1800789E37 /* PopupSubmitTipsView.swift */ = {isa = PBXFileReference; fileEncoding = 4; lastKnownFileType = sourcecode.swift; path = PopupSubmitTipsView.swift; sourceTree = "<group>"; };
		0D1EAA8F1DC9B4D200789E37 /* PopupDeadlineView.swift */ = {isa = PBXFileReference; fileEncoding = 4; lastKnownFileType = sourcecode.swift; path = PopupDeadlineView.swift; sourceTree = "<group>"; };
		0D1EAA911DC9BB2500789E37 /* PopupDeadlineCollectionViewCell.swift */ = {isa = PBXFileReference; fileEncoding = 4; lastKnownFileType = sourcecode.swift; path = PopupDeadlineCollectionViewCell.swift; sourceTree = "<group>"; };
		0D24F2FB1DCB72F300BBAC8F /* MineCollectionViewCell.swift */ = {isa = PBXFileReference; fileEncoding = 4; lastKnownFileType = sourcecode.swift; path = MineCollectionViewCell.swift; sourceTree = "<group>"; };
		0D24F2FC1DCB72F300BBAC8F /* MineFooterView.swift */ = {isa = PBXFileReference; fileEncoding = 4; lastKnownFileType = sourcecode.swift; path = MineFooterView.swift; sourceTree = "<group>"; };
		0D24F2FD1DCB72F300BBAC8F /* MineHeaderView.swift */ = {isa = PBXFileReference; fileEncoding = 4; lastKnownFileType = sourcecode.swift; path = MineHeaderView.swift; sourceTree = "<group>"; };
		0D24F3011DCB731800BBAC8F /* BorrowRecordViewController.swift */ = {isa = PBXFileReference; fileEncoding = 4; lastKnownFileType = sourcecode.swift; path = BorrowRecordViewController.swift; sourceTree = "<group>"; };
		0D24F3031DCB76E700BBAC8F /* BorrowRecordTableViewCell.swift */ = {isa = PBXFileReference; fileEncoding = 4; lastKnownFileType = sourcecode.swift; path = BorrowRecordTableViewCell.swift; sourceTree = "<group>"; };
		0D24F3051DCB7B7300BBAC8F /* RepayWayViewController.swift */ = {isa = PBXFileReference; fileEncoding = 4; lastKnownFileType = sourcecode.swift; path = RepayWayViewController.swift; sourceTree = "<group>"; };
		0D2747D91DADE9840060E221 /* Assets.xcassets */ = {isa = PBXFileReference; lastKnownFileType = folder.assetcatalog; name = Assets.xcassets; path = JBankRisk/Assets.xcassets; sourceTree = "<group>"; };
		0D2841081DACC1D600059FD2 /* HomeTableViewCell.swift */ = {isa = PBXFileReference; fileEncoding = 4; lastKnownFileType = sourcecode.swift; path = HomeTableViewCell.swift; sourceTree = "<group>"; };
		0D61C4271DB08ECE00C2BC23 /* PopupSelectRoleView.swift */ = {isa = PBXFileReference; fileEncoding = 4; lastKnownFileType = sourcecode.swift; path = PopupSelectRoleView.swift; sourceTree = "<group>"; };
		0D61C42B1DB0C2CB00C2BC23 /* BorrowMoneyViewController.swift */ = {isa = PBXFileReference; fileEncoding = 4; lastKnownFileType = sourcecode.swift; path = BorrowMoneyViewController.swift; sourceTree = "<group>"; };
		0D61C42D1DB0CE0000C2BC23 /* BorrowMoneyView.swift */ = {isa = PBXFileReference; fileEncoding = 4; lastKnownFileType = sourcecode.swift; path = BorrowMoneyView.swift; sourceTree = "<group>"; };
		0D61C4311DB128F600C2BC23 /* BorrowMoneyDoneView.swift */ = {isa = PBXFileReference; fileEncoding = 4; lastKnownFileType = sourcecode.swift; path = BorrowMoneyDoneView.swift; sourceTree = "<group>"; };
		0D8C33EE1DCA27E800F33F0C /* chinaarea.plist */ = {isa = PBXFileReference; fileEncoding = 4; lastKnownFileType = text.plist.xml; path = chinaarea.plist; sourceTree = "<group>"; };
		0D8C33FA1DCA3E1600F33F0C /* PopupAreaView.swift */ = {isa = PBXFileReference; fileEncoding = 4; lastKnownFileType = sourcecode.swift; path = PopupAreaView.swift; sourceTree = "<group>"; };
		0DAF602E1DA8DFAD0009054F /* JBankRisk.app */ = {isa = PBXFileReference; explicitFileType = wrapper.application; includeInIndex = 0; path = JBankRisk.app; sourceTree = BUILT_PRODUCTS_DIR; };
		0DAF60311DA8DFAD0009054F /* AppDelegate.swift */ = {isa = PBXFileReference; lastKnownFileType = sourcecode.swift; name = AppDelegate.swift; path = ../AppDelegate.swift; sourceTree = "<group>"; };
		0DAF60361DA8DFAD0009054F /* Base */ = {isa = PBXFileReference; lastKnownFileType = file.storyboard; name = Base; path = Base.lproj/Main.storyboard; sourceTree = "<group>"; };
		0DAF603B1DA8DFAD0009054F /* Base */ = {isa = PBXFileReference; lastKnownFileType = file.storyboard; name = Base; path = Base.lproj/LaunchScreen.storyboard; sourceTree = "<group>"; };
		0DAF603D1DA8DFAD0009054F /* Info.plist */ = {isa = PBXFileReference; lastKnownFileType = text.plist.xml; name = Info.plist; path = ../Info.plist; sourceTree = "<group>"; };
		0DAF60421DA8DFAD0009054F /* JBankRiskTests.xctest */ = {isa = PBXFileReference; explicitFileType = wrapper.cfbundle; includeInIndex = 0; path = JBankRiskTests.xctest; sourceTree = BUILT_PRODUCTS_DIR; };
		0DAF60461DA8DFAD0009054F /* JBankRiskTests.swift */ = {isa = PBXFileReference; lastKnownFileType = sourcecode.swift; path = JBankRiskTests.swift; sourceTree = "<group>"; };
		0DAF60481DA8DFAD0009054F /* Info.plist */ = {isa = PBXFileReference; lastKnownFileType = text.plist.xml; path = Info.plist; sourceTree = "<group>"; };
		0DAF604D1DA8DFAD0009054F /* JBankRiskUITests.xctest */ = {isa = PBXFileReference; explicitFileType = wrapper.cfbundle; includeInIndex = 0; path = JBankRiskUITests.xctest; sourceTree = BUILT_PRODUCTS_DIR; };
		0DAF60511DA8DFAD0009054F /* JBankRiskUITests.swift */ = {isa = PBXFileReference; lastKnownFileType = sourcecode.swift; path = JBankRiskUITests.swift; sourceTree = "<group>"; };
		0DAF60531DA8DFAD0009054F /* Info.plist */ = {isa = PBXFileReference; lastKnownFileType = text.plist.xml; path = Info.plist; sourceTree = "<group>"; };
		0DCACBE31DADC9D300AFD3E9 /* RegisterOrResetPsdVC.swift */ = {isa = PBXFileReference; fileEncoding = 4; lastKnownFileType = sourcecode.swift; path = RegisterOrResetPsdVC.swift; sourceTree = "<group>"; };
		0DD43CBA1DAFD74400091272 /* PopupRoleView.swift */ = {isa = PBXFileReference; fileEncoding = 4; lastKnownFileType = sourcecode.swift; path = PopupRoleView.swift; sourceTree = "<group>"; };
		0DD99BFE1DB1E47F00342E29 /* NetworkRequest.swift */ = {isa = PBXFileReference; fileEncoding = 4; lastKnownFileType = sourcecode.swift; path = NetworkRequest.swift; sourceTree = "<group>"; };
		0DECC8701DCAEB130022D3F6 /* AreaTableView.swift */ = {isa = PBXFileReference; fileEncoding = 4; lastKnownFileType = sourcecode.swift; path = AreaTableView.swift; sourceTree = "<group>"; };
		0DECC8741DCB07D30022D3F6 /* DataCollectionViewCell.swift */ = {isa = PBXFileReference; fileEncoding = 4; lastKnownFileType = sourcecode.swift; path = DataCollectionViewCell.swift; sourceTree = "<group>"; };
		0DFFAECE1DAF218C00819CF7 /* LoginCodeViewController.swift */ = {isa = PBXFileReference; fileEncoding = 4; lastKnownFileType = sourcecode.swift; path = LoginCodeViewController.swift; sourceTree = "<group>"; };
		0DFFAED91DAF6FB100819CF7 /* PopupPhoneCallView.swift */ = {isa = PBXFileReference; fileEncoding = 4; lastKnownFileType = sourcecode.swift; path = PopupPhoneCallView.swift; sourceTree = "<group>"; };
		0DFFAEDB1DAF707900819CF7 /* PopupRepaymentTipView.swift */ = {isa = PBXFileReference; fileEncoding = 4; lastKnownFileType = sourcecode.swift; path = PopupRepaymentTipView.swift; sourceTree = "<group>"; };
		6C59881BA6AE868EF7C84EBD /* Pods_JBankRisk.framework */ = {isa = PBXFileReference; explicitFileType = wrapper.framework; includeInIndex = 0; path = Pods_JBankRisk.framework; sourceTree = BUILT_PRODUCTS_DIR; };
		73D1869A2BB9AB50BB8C7317 /* Pods-JBankRisk.debug.xcconfig */ = {isa = PBXFileReference; includeInIndex = 1; lastKnownFileType = text.xcconfig; name = "Pods-JBankRisk.debug.xcconfig"; path = "Pods/Target Support Files/Pods-JBankRisk/Pods-JBankRisk.debug.xcconfig"; sourceTree = "<group>"; };
		91BCC3D8B544C1AFEB18B90C /* Pods-JBankRisk.release.xcconfig */ = {isa = PBXFileReference; includeInIndex = 1; lastKnownFileType = text.xcconfig; name = "Pods-JBankRisk.release.xcconfig"; path = "Pods/Target Support Files/Pods-JBankRisk/Pods-JBankRisk.release.xcconfig"; sourceTree = "<group>"; };
/* End PBXFileReference section */

/* Begin PBXFrameworksBuildPhase section */
		0DAF602B1DA8DFAD0009054F /* Frameworks */ = {
			isa = PBXFrameworksBuildPhase;
			buildActionMask = 2147483647;
			files = (
				2B1BB083F4340482D7181477 /* Pods_JBankRisk.framework in Frameworks */,
			);
			runOnlyForDeploymentPostprocessing = 0;
		};
		0DAF603F1DA8DFAD0009054F /* Frameworks */ = {
			isa = PBXFrameworksBuildPhase;
			buildActionMask = 2147483647;
			files = (
			);
			runOnlyForDeploymentPostprocessing = 0;
		};
		0DAF604A1DA8DFAD0009054F /* Frameworks */ = {
			isa = PBXFrameworksBuildPhase;
			buildActionMask = 2147483647;
			files = (
			);
			runOnlyForDeploymentPostprocessing = 0;
		};
/* End PBXFrameworksBuildPhase section */

/* Begin PBXGroup section */
		0D006DD51DC77DA00091CF33 /* Identity */ = {
			isa = PBXGroup;
			children = (
				0D006DDE1DC7A0A90091CF33 /* IdentityViewController.swift */,
				0D006DE21DC88BDB0091CF33 /* IDInfoConfirmViewController.swift */,
			);
			path = Identity;
			sourceTree = "<group>";
		};
		0D006DD61DC77DB60091CF33 /* Product */ = {
			isa = PBXGroup;
			children = (
				0D006DE41DC8AAFA0091CF33 /* ProductViewController.swift */,
			);
			path = Product;
			sourceTree = "<group>";
		};
		0D006DD71DC77DCE0091CF33 /* School */ = {
			isa = PBXGroup;
			children = (
				0D1EAA7F1DC8C88F00789E37 /* SchoolViewController.swift */,
			);
			path = School;
			sourceTree = "<group>";
		};
		0D006DD81DC77DDD0091CF33 /* Data */ = {
			isa = PBXGroup;
			children = (
				0D1EAA851DC8D4FF00789E37 /* DataViewController.swift */,
				0DECC8741DCB07D30022D3F6 /* DataCollectionViewCell.swift */,
			);
			path = Data;
			sourceTree = "<group>";
		};
		0D006DD91DC77EC70091CF33 /* Contact */ = {
			isa = PBXGroup;
			children = (
				0D1EAA831DC8CC4900789E37 /* ContactViewController.swift */,
			);
			path = Contact;
			sourceTree = "<group>";
		};
		0D006DDA1DC77EE40091CF33 /* Work */ = {
			isa = PBXGroup;
			children = (
				0D1EAA811DC8C91500789E37 /* WorkViewController.swift */,
			);
			path = Work;
			sourceTree = "<group>";
		};
		0D006DDB1DC780FE0091CF33 /* JBRiskHelper */ = {
			isa = PBXGroup;
			children = (
				0D006DDC1DC7810D0091CF33 /* UserHelper.swift */,
			);
			path = JBRiskHelper;
			sourceTree = "<group>";
		};
		0D0E29FF1DAA4E9000A64F76 /* Public */ = {
			isa = PBXGroup;
			children = (
				0D006DDB1DC780FE0091CF33 /* JBRiskHelper */,
				0D0E2A231DAA8FC000A64F76 /* Extensions */,
				0D0E2A001DAA4EA900A64F76 /* 3rd */,
				0D0E2A1A1DAA525E00A64F76 /* Net */,
				0D68E9701DCA25E7000DA5E6 /* Others */,
			);
			path = Public;
			sourceTree = "<group>";
		};
		0D0E2A001DAA4EA900A64F76 /* 3rd */ = {
			isa = PBXGroup;
			children = (
				0D132FAE1DB07FD70061EDC9 /* iCarousel */,
				0D0E2A1D1DAA8BDF00A64F76 /* CNPPopupController */,
				0D0E2A111DAA522A00A64F76 /* PullToRefreshSwift */,
			);
			path = 3rd;
			sourceTree = "<group>";
		};
		0D0E2A111DAA522A00A64F76 /* PullToRefreshSwift */ = {
			isa = PBXGroup;
			children = (
				0D0E2A121DAA523E00A64F76 /* pulltorefresharrow.png */,
				0D0E2A131DAA523E00A64F76 /* PullToRefreshOption.swift */,
				0D0E2A141DAA523E00A64F76 /* PullToRefreshView.swift */,
				0D0E2A151DAA523E00A64F76 /* UIScrollViewExtension.swift */,
			);
			path = PullToRefreshSwift;
			sourceTree = "<group>";
		};
		0D0E2A1A1DAA525E00A64F76 /* Net */ = {
			isa = PBXGroup;
			children = (
				0DD99BFE1DB1E47F00342E29 /* NetworkRequest.swift */,
				0D006DCC1DC758480091CF33 /* URL.swift */,
				0D006DCE1DC75A280091CF33 /* NetConnect.swift */,
			);
			path = Net;
			sourceTree = "<group>";
		};
		0D0E2A1D1DAA8BDF00A64F76 /* CNPPopupController */ = {
			isa = PBXGroup;
			children = (
				0D0E2A1E1DAA8BDF00A64F76 /* CNPPopupController.h */,
				0D0E2A1F1DAA8BDF00A64F76 /* CNPPopupController.m */,
			);
			path = CNPPopupController;
			sourceTree = "<group>";
		};
		0D0E2A231DAA8FC000A64F76 /* Extensions */ = {
			isa = PBXGroup;
			children = (
				0D0E2A261DAA927A00A64F76 /* UIViewController+HUD.swift */,
			);
			path = Extensions;
			sourceTree = "<group>";
		};
		0D0E2A291DAB365A00A64F76 /* Resources */ = {
			isa = PBXGroup;
			children = (
			);
			path = Resources;
			sourceTree = "<group>";
		};
		0D0E2A2A1DAB373700A64F76 /* Main */ = {
			isa = PBXGroup;
			children = (
				0D0E2A341DAB381E00A64F76 /* Controller */,
				0D0E2A331DAB380F00A64F76 /* View */,
				0D0E2A2B1DAB376F00A64F76 /* Base */,
			);
			path = Main;
			sourceTree = "<group>";
		};
		0D0E2A2B1DAB376F00A64F76 /* Base */ = {
			isa = PBXGroup;
			children = (
				0D0E2A2F1DAB377D00A64F76 /* JBankRisk-Bridging-Header.h */,
				0D0E2A2C1DAB377D00A64F76 /* File.swift */,
				0D0E2A2D1DAB377D00A64F76 /* HHNavigationController.swift */,
				0D0E2A2E1DAB377D00A64F76 /* HHTabBarController.swift */,
				0D0E2A441DABB86E00A64F76 /* BaseWebViewController.swift */,
			);
			path = Base;
			sourceTree = "<group>";
		};
		0D0E2A331DAB380F00A64F76 /* View */ = {
			isa = PBXGroup;
			children = (
				0D0E2A351DAB389D00A64F76 /* CyclePictureView.swift */,
				0DFFAED81DAF6F9D00819CF7 /* PopupView */,
			);
			path = View;
			sourceTree = "<group>";
		};
		0D0E2A341DAB381E00A64F76 /* Controller */ = {
			isa = PBXGroup;
			children = (
			);
			path = Controller;
			sourceTree = "<group>";
		};
		0D0E2A371DAB407300A64F76 /* Controller */ = {
			isa = PBXGroup;
			children = (
				0D0E2A3A1DAB40DB00A64F76 /* HomeViewController.swift */,
				0D0E2A3C1DAB413900A64F76 /* TemViewController.swift */,
				0D61C42B1DB0C2CB00C2BC23 /* BorrowMoneyViewController.swift */,
			);
			path = Controller;
			sourceTree = "<group>";
		};
		0D0E2A381DAB408700A64F76 /* View */ = {
			isa = PBXGroup;
			children = (
				0D006DE61DC8AB5B0091CF33 /* BMTableViewCell.swift */,
				0D2841081DACC1D600059FD2 /* HomeTableViewCell.swift */,
				0D61C42D1DB0CE0000C2BC23 /* BorrowMoneyView.swift */,
				0D61C4311DB128F600C2BC23 /* BorrowMoneyDoneView.swift */,
			);
			path = View;
			sourceTree = "<group>";
		};
		0D132FAE1DB07FD70061EDC9 /* iCarousel */ = {
			isa = PBXGroup;
			children = (
				0D132FAF1DB07FD70061EDC9 /* iCarousel.h */,
				0D132FB01DB07FD70061EDC9 /* iCarousel.m */,
			);
			path = iCarousel;
			sourceTree = "<group>";
		};
		0D24F2FA1DCB72DA00BBAC8F /* View */ = {
			isa = PBXGroup;
			children = (
				0D24F2FB1DCB72F300BBAC8F /* MineCollectionViewCell.swift */,
				0D24F2FC1DCB72F300BBAC8F /* MineFooterView.swift */,
				0D24F2FD1DCB72F300BBAC8F /* MineHeaderView.swift */,
				0D24F3031DCB76E700BBAC8F /* BorrowRecordTableViewCell.swift */,
				0D24F3051DCB7B7300BBAC8F /* RepayWayViewController.swift */,
			);
			path = View;
			sourceTree = "<group>";
		};
		0D29681C1DA9F772002FBB4C /* Mine */ = {
			isa = PBXGroup;
			children = (
				0D24F2FA1DCB72DA00BBAC8F /* View */,
				0D0E29FC1DAA220200A64F76 /* MineViewController.swift */,
				0D24F3011DCB731800BBAC8F /* BorrowRecordViewController.swift */,
			);
			path = Mine;
			sourceTree = "<group>";
		};
		0D68E9701DCA25E7000DA5E6 /* Others */ = {
			isa = PBXGroup;
			children = (
				0D68E9711DCA2604000DA5E6 /* Area */,
			);
			path = Others;
			sourceTree = "<group>";
		};
		0D68E9711DCA2604000DA5E6 /* Area */ = {
			isa = PBXGroup;
			children = (
				0D8C33EE1DCA27E800F33F0C /* chinaarea.plist */,
				0DECC8701DCAEB130022D3F6 /* AreaTableView.swift */,
			);
			path = Area;
			sourceTree = "<group>";
		};
		0D9EF4881DACF48300DC075C /* Login&Register */ = {
			isa = PBXGroup;
			children = (
				0D006DE01DC7A5410091CF33 /* LoginViewController.swift */,
				0DCACBE31DADC9D300AFD3E9 /* RegisterOrResetPsdVC.swift */,
				0D1070C11DAE297E00F9591C /* LoginPsdOrSetPsdVC.swift */,
				0DFFAECE1DAF218C00819CF7 /* LoginCodeViewController.swift */,
			);
			path = "Login&Register";
			sourceTree = "<group>";
		};
		0DAF60251DA8DFAD0009054F = {
			isa = PBXGroup;
			children = (
				0DAF60301DA8DFAD0009054F /* JBankRisk */,
				0D2747D91DADE9840060E221 /* Assets.xcassets */,
				0DAF60451DA8DFAD0009054F /* JBankRiskTests */,
				0DAF60501DA8DFAD0009054F /* JBankRiskUITests */,
				0DAF602F1DA8DFAD0009054F /* Products */,
				46EA40C4EB3EFDCC50B4BF3C /* Pods */,
				466C00E10A39615B530B0FDE /* Frameworks */,
			);
			sourceTree = "<group>";
		};
		0DAF602F1DA8DFAD0009054F /* Products */ = {
			isa = PBXGroup;
			children = (
				0DAF602E1DA8DFAD0009054F /* JBankRisk.app */,
				0DAF60421DA8DFAD0009054F /* JBankRiskTests.xctest */,
				0DAF604D1DA8DFAD0009054F /* JBankRiskUITests.xctest */,
			);
			name = Products;
			sourceTree = "<group>";
		};
		0DAF60301DA8DFAD0009054F /* JBankRisk */ = {
			isa = PBXGroup;
			children = (
				0DAF605F1DA8EBB20009054F /* Home */,
				0D29681C1DA9F772002FBB4C /* Mine */,
				0D9EF4881DACF48300DC075C /* Login&Register */,
				0D0E29FF1DAA4E9000A64F76 /* Public */,
				0D0E2A2A1DAB373700A64F76 /* Main */,
				0DAF60621DA8ECD60009054F /* MainSystem */,
				0D0E2A291DAB365A00A64F76 /* Resources */,
			);
			path = JBankRisk;
			sourceTree = "<group>";
		};
		0DAF60451DA8DFAD0009054F /* JBankRiskTests */ = {
			isa = PBXGroup;
			children = (
				0DAF60461DA8DFAD0009054F /* JBankRiskTests.swift */,
				0DAF60481DA8DFAD0009054F /* Info.plist */,
			);
			path = JBankRiskTests;
			sourceTree = "<group>";
		};
		0DAF60501DA8DFAD0009054F /* JBankRiskUITests */ = {
			isa = PBXGroup;
			children = (
				0DAF60511DA8DFAD0009054F /* JBankRiskUITests.swift */,
				0DAF60531DA8DFAD0009054F /* Info.plist */,
			);
			path = JBankRiskUITests;
			sourceTree = "<group>";
		};
		0DAF605F1DA8EBB20009054F /* Home */ = {
			isa = PBXGroup;
			children = (
				0D006DD81DC77DDD0091CF33 /* Data */,
				0D006DD71DC77DCE0091CF33 /* School */,
				0D006DD91DC77EC70091CF33 /* Contact */,
				0D006DDA1DC77EE40091CF33 /* Work */,
				0D006DD61DC77DB60091CF33 /* Product */,
				0D006DD51DC77DA00091CF33 /* Identity */,
				0D0E2A381DAB408700A64F76 /* View */,
				0D0E2A371DAB407300A64F76 /* Controller */,
			);
			path = Home;
			sourceTree = "<group>";
		};
		0DAF60621DA8ECD60009054F /* MainSystem */ = {
			isa = PBXGroup;
			children = (
				0DAF60311DA8DFAD0009054F /* AppDelegate.swift */,
				0DAF60351DA8DFAD0009054F /* Main.storyboard */,
				0DAF603A1DA8DFAD0009054F /* LaunchScreen.storyboard */,
				0DAF603D1DA8DFAD0009054F /* Info.plist */,
			);
			path = MainSystem;
			sourceTree = "<group>";
		};
		0DFFAED81DAF6F9D00819CF7 /* PopupView */ = {
			isa = PBXGroup;
			children = (
				0DFFAED91DAF6FB100819CF7 /* PopupPhoneCallView.swift */,
				0DFFAEDB1DAF707900819CF7 /* PopupRepaymentTipView.swift */,
				0DD43CBA1DAFD74400091272 /* PopupRoleView.swift */,
				0D61C4271DB08ECE00C2BC23 /* PopupSelectRoleView.swift */,
				0D1EAA871DC97D2500789E37 /* PopupStaticSelectView.swift */,
				0D1EAA891DC97E8000789E37 /* PopupStaticTableViewCell.swift */,
				0D1EAA8B1DC99C5C00789E37 /* PopupPhotoSelectView.swift */,
				0D1EAA8D1DC9AE1800789E37 /* PopupSubmitTipsView.swift */,
				0D1EAA8F1DC9B4D200789E37 /* PopupDeadlineView.swift */,
				0D1EAA911DC9BB2500789E37 /* PopupDeadlineCollectionViewCell.swift */,
				0D8C33FA1DCA3E1600F33F0C /* PopupAreaView.swift */,
			);
			path = PopupView;
			sourceTree = "<group>";
		};
		466C00E10A39615B530B0FDE /* Frameworks */ = {
			isa = PBXGroup;
			children = (
				6C59881BA6AE868EF7C84EBD /* Pods_JBankRisk.framework */,
			);
			name = Frameworks;
			sourceTree = "<group>";
		};
		46EA40C4EB3EFDCC50B4BF3C /* Pods */ = {
			isa = PBXGroup;
			children = (
				73D1869A2BB9AB50BB8C7317 /* Pods-JBankRisk.debug.xcconfig */,
				91BCC3D8B544C1AFEB18B90C /* Pods-JBankRisk.release.xcconfig */,
			);
			name = Pods;
			sourceTree = "<group>";
		};
/* End PBXGroup section */

/* Begin PBXNativeTarget section */
		0DAF602D1DA8DFAD0009054F /* JBankRisk */ = {
			isa = PBXNativeTarget;
			buildConfigurationList = 0DAF60561DA8DFAD0009054F /* Build configuration list for PBXNativeTarget "JBankRisk" */;
			buildPhases = (
				0ABB031581321A2F4E769766 /* [CP] Check Pods Manifest.lock */,
				0DAF602A1DA8DFAD0009054F /* Sources */,
				0DAF602B1DA8DFAD0009054F /* Frameworks */,
				0DAF602C1DA8DFAD0009054F /* Resources */,
				88590A15F4070991519F19FD /* [CP] Embed Pods Frameworks */,
				F33122D1464769E1969B22C9 /* [CP] Copy Pods Resources */,
			);
			buildRules = (
			);
			dependencies = (
			);
			name = JBankRisk;
			productName = JBankRisk;
			productReference = 0DAF602E1DA8DFAD0009054F /* JBankRisk.app */;
			productType = "com.apple.product-type.application";
		};
		0DAF60411DA8DFAD0009054F /* JBankRiskTests */ = {
			isa = PBXNativeTarget;
			buildConfigurationList = 0DAF60591DA8DFAD0009054F /* Build configuration list for PBXNativeTarget "JBankRiskTests" */;
			buildPhases = (
				0DAF603E1DA8DFAD0009054F /* Sources */,
				0DAF603F1DA8DFAD0009054F /* Frameworks */,
				0DAF60401DA8DFAD0009054F /* Resources */,
			);
			buildRules = (
			);
			dependencies = (
				0DAF60441DA8DFAD0009054F /* PBXTargetDependency */,
			);
			name = JBankRiskTests;
			productName = JBankRiskTests;
			productReference = 0DAF60421DA8DFAD0009054F /* JBankRiskTests.xctest */;
			productType = "com.apple.product-type.bundle.unit-test";
		};
		0DAF604C1DA8DFAD0009054F /* JBankRiskUITests */ = {
			isa = PBXNativeTarget;
			buildConfigurationList = 0DAF605C1DA8DFAD0009054F /* Build configuration list for PBXNativeTarget "JBankRiskUITests" */;
			buildPhases = (
				0DAF60491DA8DFAD0009054F /* Sources */,
				0DAF604A1DA8DFAD0009054F /* Frameworks */,
				0DAF604B1DA8DFAD0009054F /* Resources */,
			);
			buildRules = (
			);
			dependencies = (
				0DAF604F1DA8DFAD0009054F /* PBXTargetDependency */,
			);
			name = JBankRiskUITests;
			productName = JBankRiskUITests;
			productReference = 0DAF604D1DA8DFAD0009054F /* JBankRiskUITests.xctest */;
			productType = "com.apple.product-type.bundle.ui-testing";
		};
/* End PBXNativeTarget section */

/* Begin PBXProject section */
		0DAF60261DA8DFAD0009054F /* Project object */ = {
			isa = PBXProject;
			attributes = {
				LastSwiftUpdateCheck = 0800;
				LastUpgradeCheck = 0800;
				ORGANIZATIONNAME = jingjinsuo;
				TargetAttributes = {
					0DAF602D1DA8DFAD0009054F = {
						CreatedOnToolsVersion = 8.0;
						DevelopmentTeam = JB79VQ5W7K;
						LastSwiftMigration = 0800;
						ProvisioningStyle = Automatic;
					};
					0DAF60411DA8DFAD0009054F = {
						CreatedOnToolsVersion = 8.0;
						DevelopmentTeam = AXZX4LFYBW;
						LastSwiftMigration = 0800;
						ProvisioningStyle = Automatic;
						TestTargetID = 0DAF602D1DA8DFAD0009054F;
					};
					0DAF604C1DA8DFAD0009054F = {
						CreatedOnToolsVersion = 8.0;
						LastSwiftMigration = 0800;
						ProvisioningStyle = Automatic;
						TestTargetID = 0DAF602D1DA8DFAD0009054F;
					};
				};
			};
			buildConfigurationList = 0DAF60291DA8DFAD0009054F /* Build configuration list for PBXProject "JBankRisk" */;
			compatibilityVersion = "Xcode 3.2";
			developmentRegion = English;
			hasScannedForEncodings = 0;
			knownRegions = (
				en,
				Base,
			);
			mainGroup = 0DAF60251DA8DFAD0009054F;
			productRefGroup = 0DAF602F1DA8DFAD0009054F /* Products */;
			projectDirPath = "";
			projectRoot = "";
			targets = (
				0DAF602D1DA8DFAD0009054F /* JBankRisk */,
				0DAF60411DA8DFAD0009054F /* JBankRiskTests */,
				0DAF604C1DA8DFAD0009054F /* JBankRiskUITests */,
			);
		};
/* End PBXProject section */

/* Begin PBXResourcesBuildPhase section */
		0DAF602C1DA8DFAD0009054F /* Resources */ = {
			isa = PBXResourcesBuildPhase;
			buildActionMask = 2147483647;
			files = (
				0DAF603C1DA8DFAD0009054F /* LaunchScreen.storyboard in Resources */,
				0DAF60371DA8DFAD0009054F /* Main.storyboard in Resources */,
				0D8C33EF1DCA27E800F33F0C /* chinaarea.plist in Resources */,
				0D2747DA1DADE9840060E221 /* Assets.xcassets in Resources */,
				0D0E2A161DAA523E00A64F76 /* pulltorefresharrow.png in Resources */,
			);
			runOnlyForDeploymentPostprocessing = 0;
		};
		0DAF60401DA8DFAD0009054F /* Resources */ = {
			isa = PBXResourcesBuildPhase;
			buildActionMask = 2147483647;
			files = (
			);
			runOnlyForDeploymentPostprocessing = 0;
		};
		0DAF604B1DA8DFAD0009054F /* Resources */ = {
			isa = PBXResourcesBuildPhase;
			buildActionMask = 2147483647;
			files = (
			);
			runOnlyForDeploymentPostprocessing = 0;
		};
/* End PBXResourcesBuildPhase section */

/* Begin PBXShellScriptBuildPhase section */
		0ABB031581321A2F4E769766 /* [CP] Check Pods Manifest.lock */ = {
			isa = PBXShellScriptBuildPhase;
			buildActionMask = 2147483647;
			files = (
			);
			inputPaths = (
			);
			name = "[CP] Check Pods Manifest.lock";
			outputPaths = (
			);
			runOnlyForDeploymentPostprocessing = 0;
			shellPath = /bin/sh;
			shellScript = "diff \"${PODS_ROOT}/../Podfile.lock\" \"${PODS_ROOT}/Manifest.lock\" > /dev/null\nif [[ $? != 0 ]] ; then\n    cat << EOM\nerror: The sandbox is not in sync with the Podfile.lock. Run 'pod install' or update your CocoaPods installation.\nEOM\n    exit 1\nfi\n";
			showEnvVarsInLog = 0;
		};
		88590A15F4070991519F19FD /* [CP] Embed Pods Frameworks */ = {
			isa = PBXShellScriptBuildPhase;
			buildActionMask = 2147483647;
			files = (
			);
			inputPaths = (
			);
			name = "[CP] Embed Pods Frameworks";
			outputPaths = (
			);
			runOnlyForDeploymentPostprocessing = 0;
			shellPath = /bin/sh;
			shellScript = "\"${SRCROOT}/Pods/Target Support Files/Pods-JBankRisk/Pods-JBankRisk-frameworks.sh\"\n";
			showEnvVarsInLog = 0;
		};
		F33122D1464769E1969B22C9 /* [CP] Copy Pods Resources */ = {
			isa = PBXShellScriptBuildPhase;
			buildActionMask = 2147483647;
			files = (
			);
			inputPaths = (
			);
			name = "[CP] Copy Pods Resources";
			outputPaths = (
			);
			runOnlyForDeploymentPostprocessing = 0;
			shellPath = /bin/sh;
			shellScript = "\"${SRCROOT}/Pods/Target Support Files/Pods-JBankRisk/Pods-JBankRisk-resources.sh\"\n";
			showEnvVarsInLog = 0;
		};
/* End PBXShellScriptBuildPhase section */

/* Begin PBXSourcesBuildPhase section */
		0DAF602A1DA8DFAD0009054F /* Sources */ = {
			isa = PBXSourcesBuildPhase;
			buildActionMask = 2147483647;
			files = (
				0D24F2FF1DCB72F300BBAC8F /* MineFooterView.swift in Sources */,
				0D24F3041DCB76E700BBAC8F /* BorrowRecordTableViewCell.swift in Sources */,
				0D24F3061DCB7B7300BBAC8F /* RepayWayViewController.swift in Sources */,
				0D006DE31DC88BDB0091CF33 /* IDInfoConfirmViewController.swift in Sources */,
				0D1EAA861DC8D4FF00789E37 /* DataViewController.swift in Sources */,
				0D1EAA921DC9BB2500789E37 /* PopupDeadlineCollectionViewCell.swift in Sources */,
				0D006DDF1DC7A0A90091CF33 /* IdentityViewController.swift in Sources */,
				0D1EAA8A1DC97E8000789E37 /* PopupStaticTableViewCell.swift in Sources */,
				0D61C42E1DB0CE0000C2BC23 /* BorrowMoneyView.swift in Sources */,
				0D0E2A321DAB377E00A64F76 /* HHTabBarController.swift in Sources */,
				0D006DE51DC8AAFA0091CF33 /* ProductViewController.swift in Sources */,
				0D0E2A201DAA8BDF00A64F76 /* CNPPopupController.m in Sources */,
				0D61C4281DB08ECE00C2BC23 /* PopupSelectRoleView.swift in Sources */,
				0D1070C21DAE297E00F9591C /* LoginPsdOrSetPsdVC.swift in Sources */,
				0D24F3021DCB731800BBAC8F /* BorrowRecordViewController.swift in Sources */,
				0D1EAA801DC8C88F00789E37 /* SchoolViewController.swift in Sources */,
				0DFFAEDA1DAF6FB100819CF7 /* PopupPhoneCallView.swift in Sources */,
				0DCACBE41DADC9D300AFD3E9 /* RegisterOrResetPsdVC.swift in Sources */,
				0D61C42C1DB0C2CB00C2BC23 /* BorrowMoneyViewController.swift in Sources */,
				0D0E2A3D1DAB413900A64F76 /* TemViewController.swift in Sources */,
				0DAF60321DA8DFAD0009054F /* AppDelegate.swift in Sources */,
				0D0E29FD1DAA220200A64F76 /* MineViewController.swift in Sources */,
				0D006DE11DC7A5410091CF33 /* LoginViewController.swift in Sources */,
				0D0E2A171DAA523E00A64F76 /* PullToRefreshOption.swift in Sources */,
				0D006DDD1DC7810D0091CF33 /* UserHelper.swift in Sources */,
				0D0E2A271DAA927A00A64F76 /* UIViewController+HUD.swift in Sources */,
				0D0E2A191DAA523E00A64F76 /* UIScrollViewExtension.swift in Sources */,
				0DFFAEDC1DAF707900819CF7 /* PopupRepaymentTipView.swift in Sources */,
				0D8C33FB1DCA3E1600F33F0C /* PopupAreaView.swift in Sources */,
				0D1EAA841DC8CC4900789E37 /* ContactViewController.swift in Sources */,
				0D0E2A181DAA523E00A64F76 /* PullToRefreshView.swift in Sources */,
				0D24F3001DCB72F300BBAC8F /* MineHeaderView.swift in Sources */,
				0DD43CBB1DAFD74400091272 /* PopupRoleView.swift in Sources */,
				0D0E2A311DAB377E00A64F76 /* HHNavigationController.swift in Sources */,
				0D006DCD1DC758480091CF33 /* URL.swift in Sources */,
				0DECC8711DCAEB130022D3F6 /* AreaTableView.swift in Sources */,
				0D61C4321DB128F600C2BC23 /* BorrowMoneyDoneView.swift in Sources */,
				0D1EAA821DC8C91500789E37 /* WorkViewController.swift in Sources */,
				0D24F2FE1DCB72F300BBAC8F /* MineCollectionViewCell.swift in Sources */,
				0D1EAA8C1DC99C5C00789E37 /* PopupPhotoSelectView.swift in Sources */,
				0D0E2A301DAB377D00A64F76 /* File.swift in Sources */,
				0D006DCF1DC75A280091CF33 /* NetConnect.swift in Sources */,
				0D006DE71DC8AB5B0091CF33 /* BMTableViewCell.swift in Sources */,
				0D1EAA8E1DC9AE1800789E37 /* PopupSubmitTipsView.swift in Sources */,
				0DD99BFF1DB1E47F00342E29 /* NetworkRequest.swift in Sources */,
				0DFFAECF1DAF218C00819CF7 /* LoginCodeViewController.swift in Sources */,
				0DECC8751DCB07D30022D3F6 /* DataCollectionViewCell.swift in Sources */,
				0D0E2A3B1DAB40DB00A64F76 /* HomeViewController.swift in Sources */,
				0D0E2A451DABB86E00A64F76 /* BaseWebViewController.swift in Sources */,
				0D132FB11DB07FD70061EDC9 /* iCarousel.m in Sources */,
				0D1EAA881DC97D2500789E37 /* PopupStaticSelectView.swift in Sources */,
				0D2841091DACC1D600059FD2 /* HomeTableViewCell.swift in Sources */,
				0D0E2A361DAB389D00A64F76 /* CyclePictureView.swift in Sources */,
				0D1EAA901DC9B4D200789E37 /* PopupDeadlineView.swift in Sources */,
			);
			runOnlyForDeploymentPostprocessing = 0;
		};
		0DAF603E1DA8DFAD0009054F /* Sources */ = {
			isa = PBXSourcesBuildPhase;
			buildActionMask = 2147483647;
			files = (
				0DAF60471DA8DFAD0009054F /* JBankRiskTests.swift in Sources */,
			);
			runOnlyForDeploymentPostprocessing = 0;
		};
		0DAF60491DA8DFAD0009054F /* Sources */ = {
			isa = PBXSourcesBuildPhase;
			buildActionMask = 2147483647;
			files = (
				0DAF60521DA8DFAD0009054F /* JBankRiskUITests.swift in Sources */,
			);
			runOnlyForDeploymentPostprocessing = 0;
		};
/* End PBXSourcesBuildPhase section */

/* Begin PBXTargetDependency section */
		0DAF60441DA8DFAD0009054F /* PBXTargetDependency */ = {
			isa = PBXTargetDependency;
			target = 0DAF602D1DA8DFAD0009054F /* JBankRisk */;
			targetProxy = 0DAF60431DA8DFAD0009054F /* PBXContainerItemProxy */;
		};
		0DAF604F1DA8DFAD0009054F /* PBXTargetDependency */ = {
			isa = PBXTargetDependency;
			target = 0DAF602D1DA8DFAD0009054F /* JBankRisk */;
			targetProxy = 0DAF604E1DA8DFAD0009054F /* PBXContainerItemProxy */;
		};
/* End PBXTargetDependency section */

/* Begin PBXVariantGroup section */
		0DAF60351DA8DFAD0009054F /* Main.storyboard */ = {
			isa = PBXVariantGroup;
			children = (
				0DAF60361DA8DFAD0009054F /* Base */,
			);
			name = Main.storyboard;
			path = ..;
			sourceTree = "<group>";
		};
		0DAF603A1DA8DFAD0009054F /* LaunchScreen.storyboard */ = {
			isa = PBXVariantGroup;
			children = (
				0DAF603B1DA8DFAD0009054F /* Base */,
			);
			name = LaunchScreen.storyboard;
			path = ..;
			sourceTree = "<group>";
		};
/* End PBXVariantGroup section */

/* Begin XCBuildConfiguration section */
		0DAF60541DA8DFAD0009054F /* Debug */ = {
			isa = XCBuildConfiguration;
			buildSettings = {
				ALWAYS_SEARCH_USER_PATHS = NO;
				CLANG_ANALYZER_NONNULL = YES;
				CLANG_CXX_LANGUAGE_STANDARD = "gnu++0x";
				CLANG_CXX_LIBRARY = "libc++";
				CLANG_ENABLE_MODULES = YES;
				CLANG_ENABLE_OBJC_ARC = YES;
				CLANG_WARN_BOOL_CONVERSION = YES;
				CLANG_WARN_CONSTANT_CONVERSION = YES;
				CLANG_WARN_DIRECT_OBJC_ISA_USAGE = YES_ERROR;
				CLANG_WARN_DOCUMENTATION_COMMENTS = YES;
				CLANG_WARN_EMPTY_BODY = YES;
				CLANG_WARN_ENUM_CONVERSION = YES;
				CLANG_WARN_INFINITE_RECURSION = YES;
				CLANG_WARN_INT_CONVERSION = YES;
				CLANG_WARN_OBJC_ROOT_CLASS = YES_ERROR;
				CLANG_WARN_SUSPICIOUS_MOVE = YES;
				CLANG_WARN_SUSPICIOUS_MOVES = YES;
				CLANG_WARN_UNREACHABLE_CODE = YES;
				CLANG_WARN__DUPLICATE_METHOD_MATCH = YES;
				"CODE_SIGN_IDENTITY[sdk=iphoneos*]" = "iPhone Developer";
				COPY_PHASE_STRIP = NO;
				DEBUG_INFORMATION_FORMAT = dwarf;
				ENABLE_STRICT_OBJC_MSGSEND = YES;
				ENABLE_TESTABILITY = YES;
				GCC_C_LANGUAGE_STANDARD = gnu99;
				GCC_DYNAMIC_NO_PIC = NO;
				GCC_NO_COMMON_BLOCKS = YES;
				GCC_OPTIMIZATION_LEVEL = 0;
				GCC_PREPROCESSOR_DEFINITIONS = (
					"DEBUG=1",
					"$(inherited)",
				);
				GCC_WARN_64_TO_32_BIT_CONVERSION = YES;
				GCC_WARN_ABOUT_RETURN_TYPE = YES_ERROR;
				GCC_WARN_UNDECLARED_SELECTOR = YES;
				GCC_WARN_UNINITIALIZED_AUTOS = YES_AGGRESSIVE;
				GCC_WARN_UNUSED_FUNCTION = YES;
				GCC_WARN_UNUSED_VARIABLE = YES;
				IPHONEOS_DEPLOYMENT_TARGET = 9.0;
				MTL_ENABLE_DEBUG_INFO = YES;
				ONLY_ACTIVE_ARCH = YES;
				SDKROOT = iphoneos;
				SWIFT_ACTIVE_COMPILATION_CONDITIONS = DEBUG;
				SWIFT_OPTIMIZATION_LEVEL = "-Onone";
				VALIDATE_PRODUCT = YES;
			};
			name = Debug;
		};
		0DAF60551DA8DFAD0009054F /* Release */ = {
			isa = XCBuildConfiguration;
			buildSettings = {
				ALWAYS_SEARCH_USER_PATHS = NO;
				CLANG_ANALYZER_NONNULL = YES;
				CLANG_CXX_LANGUAGE_STANDARD = "gnu++0x";
				CLANG_CXX_LIBRARY = "libc++";
				CLANG_ENABLE_MODULES = YES;
				CLANG_ENABLE_OBJC_ARC = YES;
				CLANG_WARN_BOOL_CONVERSION = YES;
				CLANG_WARN_CONSTANT_CONVERSION = YES;
				CLANG_WARN_DIRECT_OBJC_ISA_USAGE = YES_ERROR;
				CLANG_WARN_DOCUMENTATION_COMMENTS = YES;
				CLANG_WARN_EMPTY_BODY = YES;
				CLANG_WARN_ENUM_CONVERSION = YES;
				CLANG_WARN_INFINITE_RECURSION = YES;
				CLANG_WARN_INT_CONVERSION = YES;
				CLANG_WARN_OBJC_ROOT_CLASS = YES_ERROR;
				CLANG_WARN_SUSPICIOUS_MOVE = YES;
				CLANG_WARN_SUSPICIOUS_MOVES = YES;
				CLANG_WARN_UNREACHABLE_CODE = YES;
				CLANG_WARN__DUPLICATE_METHOD_MATCH = YES;
				"CODE_SIGN_IDENTITY[sdk=iphoneos*]" = "iPhone Developer";
				COPY_PHASE_STRIP = NO;
				DEBUG_INFORMATION_FORMAT = "dwarf-with-dsym";
				ENABLE_NS_ASSERTIONS = NO;
				ENABLE_STRICT_OBJC_MSGSEND = YES;
				ENABLE_TESTABILITY = YES;
				GCC_C_LANGUAGE_STANDARD = gnu99;
				GCC_NO_COMMON_BLOCKS = YES;
				GCC_WARN_64_TO_32_BIT_CONVERSION = YES;
				GCC_WARN_ABOUT_RETURN_TYPE = YES_ERROR;
				GCC_WARN_UNDECLARED_SELECTOR = YES;
				GCC_WARN_UNINITIALIZED_AUTOS = YES_AGGRESSIVE;
				GCC_WARN_UNUSED_FUNCTION = YES;
				GCC_WARN_UNUSED_VARIABLE = YES;
				IPHONEOS_DEPLOYMENT_TARGET = 9.0;
				MTL_ENABLE_DEBUG_INFO = NO;
				SDKROOT = iphoneos;
				SWIFT_OPTIMIZATION_LEVEL = "-Owholemodule";
				VALIDATE_PRODUCT = YES;
			};
			name = Release;
		};
		0DAF60571DA8DFAD0009054F /* Debug */ = {
			isa = XCBuildConfiguration;
			baseConfigurationReference = 73D1869A2BB9AB50BB8C7317 /* Pods-JBankRisk.debug.xcconfig */;
			buildSettings = {
				ALWAYS_EMBED_SWIFT_STANDARD_LIBRARIES = YES;
				ASSETCATALOG_COMPILER_APPICON_NAME = AppIcon;
				CLANG_ENABLE_MODULES = YES;
				DEVELOPMENT_TEAM = JB79VQ5W7K;
				INFOPLIST_FILE = JBankRisk/Info.plist;
				LD_RUNPATH_SEARCH_PATHS = "$(inherited) @executable_path/Frameworks";
				PRODUCT_BUNDLE_IDENTIFIER = com.jingjinsuo.JBankRisk;
				PRODUCT_NAME = "$(TARGET_NAME)";
				SWIFT_OBJC_BRIDGING_HEADER = "JBankRisk/Main/Base/JBankRisk-Bridging-Header.h";
				SWIFT_OPTIMIZATION_LEVEL = "-Onone";
				SWIFT_VERSION = 3.0;
			};
			name = Debug;
		};
		0DAF60581DA8DFAD0009054F /* Release */ = {
			isa = XCBuildConfiguration;
			baseConfigurationReference = 91BCC3D8B544C1AFEB18B90C /* Pods-JBankRisk.release.xcconfig */;
			buildSettings = {
				ALWAYS_EMBED_SWIFT_STANDARD_LIBRARIES = YES;
				ASSETCATALOG_COMPILER_APPICON_NAME = AppIcon;
				CLANG_ENABLE_MODULES = YES;
				DEVELOPMENT_TEAM = JB79VQ5W7K;
				INFOPLIST_FILE = JBankRisk/Info.plist;
				LD_RUNPATH_SEARCH_PATHS = "$(inherited) @executable_path/Frameworks";
				PRODUCT_BUNDLE_IDENTIFIER = com.jingjinsuo.JBankRisk;
				PRODUCT_NAME = "$(TARGET_NAME)";
				SWIFT_OBJC_BRIDGING_HEADER = "JBankRisk/Main/Base/JBankRisk-Bridging-Header.h";
				SWIFT_VERSION = 3.0;
			};
			name = Release;
		};
		0DAF605A1DA8DFAD0009054F /* Debug */ = {
			isa = XCBuildConfiguration;
			buildSettings = {
				ALWAYS_EMBED_SWIFT_STANDARD_LIBRARIES = YES;
				BUNDLE_LOADER = "$(TEST_HOST)";
				DEVELOPMENT_TEAM = AXZX4LFYBW;
				INFOPLIST_FILE = JBankRiskTests/Info.plist;
				LD_RUNPATH_SEARCH_PATHS = "$(inherited) @executable_path/Frameworks @loader_path/Frameworks";
				PRODUCT_BUNDLE_IDENTIFIER = com.jingjinsuo.JBankRiskTests;
				PRODUCT_NAME = "$(TARGET_NAME)";
				SWIFT_VERSION = 3.0;
				TEST_HOST = "$(BUILT_PRODUCTS_DIR)/JBankRisk.app/JBankRisk";
			};
			name = Debug;
		};
		0DAF605B1DA8DFAD0009054F /* Release */ = {
			isa = XCBuildConfiguration;
			buildSettings = {
				ALWAYS_EMBED_SWIFT_STANDARD_LIBRARIES = YES;
				BUNDLE_LOADER = "$(TEST_HOST)";
				DEVELOPMENT_TEAM = AXZX4LFYBW;
				INFOPLIST_FILE = JBankRiskTests/Info.plist;
				LD_RUNPATH_SEARCH_PATHS = "$(inherited) @executable_path/Frameworks @loader_path/Frameworks";
				PRODUCT_BUNDLE_IDENTIFIER = com.jingjinsuo.JBankRiskTests;
				PRODUCT_NAME = "$(TARGET_NAME)";
				SWIFT_VERSION = 3.0;
				TEST_HOST = "$(BUILT_PRODUCTS_DIR)/JBankRisk.app/JBankRisk";
			};
			name = Release;
		};
		0DAF605D1DA8DFAD0009054F /* Debug */ = {
			isa = XCBuildConfiguration;
			buildSettings = {
				ALWAYS_EMBED_SWIFT_STANDARD_LIBRARIES = YES;
				DEVELOPMENT_TEAM = "";
				INFOPLIST_FILE = JBankRiskUITests/Info.plist;
				LD_RUNPATH_SEARCH_PATHS = "$(inherited) @executable_path/Frameworks @loader_path/Frameworks";
				PRODUCT_BUNDLE_IDENTIFIER = com.jingjinsuo.JBankRiskUITests;
				PRODUCT_NAME = "$(TARGET_NAME)";
				SWIFT_VERSION = 3.0;
				TEST_TARGET_NAME = JBankRisk;
			};
			name = Debug;
		};
		0DAF605E1DA8DFAD0009054F /* Release */ = {
			isa = XCBuildConfiguration;
			buildSettings = {
				ALWAYS_EMBED_SWIFT_STANDARD_LIBRARIES = YES;
				DEVELOPMENT_TEAM = "";
				INFOPLIST_FILE = JBankRiskUITests/Info.plist;
				LD_RUNPATH_SEARCH_PATHS = "$(inherited) @executable_path/Frameworks @loader_path/Frameworks";
				PRODUCT_BUNDLE_IDENTIFIER = com.jingjinsuo.JBankRiskUITests;
				PRODUCT_NAME = "$(TARGET_NAME)";
				SWIFT_VERSION = 3.0;
				TEST_TARGET_NAME = JBankRisk;
			};
			name = Release;
		};
/* End XCBuildConfiguration section */

/* Begin XCConfigurationList section */
		0DAF60291DA8DFAD0009054F /* Build configuration list for PBXProject "JBankRisk" */ = {
			isa = XCConfigurationList;
			buildConfigurations = (
				0DAF60541DA8DFAD0009054F /* Debug */,
				0DAF60551DA8DFAD0009054F /* Release */,
			);
			defaultConfigurationIsVisible = 0;
			defaultConfigurationName = Release;
		};
		0DAF60561DA8DFAD0009054F /* Build configuration list for PBXNativeTarget "JBankRisk" */ = {
			isa = XCConfigurationList;
			buildConfigurations = (
				0DAF60571DA8DFAD0009054F /* Debug */,
				0DAF60581DA8DFAD0009054F /* Release */,
			);
			defaultConfigurationIsVisible = 0;
			defaultConfigurationName = Release;
		};
		0DAF60591DA8DFAD0009054F /* Build configuration list for PBXNativeTarget "JBankRiskTests" */ = {
			isa = XCConfigurationList;
			buildConfigurations = (
				0DAF605A1DA8DFAD0009054F /* Debug */,
				0DAF605B1DA8DFAD0009054F /* Release */,
			);
			defaultConfigurationIsVisible = 0;
			defaultConfigurationName = Release;
		};
		0DAF605C1DA8DFAD0009054F /* Build configuration list for PBXNativeTarget "JBankRiskUITests" */ = {
			isa = XCConfigurationList;
			buildConfigurations = (
				0DAF605D1DA8DFAD0009054F /* Debug */,
				0DAF605E1DA8DFAD0009054F /* Release */,
			);
			defaultConfigurationIsVisible = 0;
			defaultConfigurationName = Release;
		};
/* End XCConfigurationList section */
	};
	rootObject = 0DAF60261DA8DFAD0009054F /* Project object */;
}
